
Microsoft Visual Studio Solution File, Format Version 12.00
# Visual Studio Version 16
VisualStudioVersion = 16.0.30523.141
MinimumVisualStudioVersion = 10.0.40219.1
Project("{9A19103F-16F7-4668-BE54-9A1E7A4F7556}") = "LeetCode", "LeetCode\LeetCode.csproj", "{7FD8455F-38EB-4E48-B0F4-7A63215AB643}"
EndProject
Project("{9A19103F-16F7-4668-BE54-9A1E7A4F7556}") = "LeetCode.Test", "LeetCode.Test\LeetCode.Test.csproj", "{762CCDE8-1143-40AF-A272-0C2D849DD8DA}"
EndProject
Project("{FAE04EC0-301F-11D3-BF4B-00C04F79EFBC}") = "LeetCode.Common", "LeetCode.Common\LeetCode.Common.csproj", "{8DEB3FE2-5C3A-425D-8430-EEACBCD3C3CE}"
EndProject
Global
	GlobalSection(SolutionConfigurationPlatforms) = preSolution
		Debug|Any CPU = Debug|Any CPU
		Release|Any CPU = Release|Any CPU
	EndGlobalSection
	GlobalSection(ProjectConfigurationPlatforms) = postSolution
		{7FD8455F-38EB-4E48-B0F4-7A63215AB643}.Debug|Any CPU.ActiveCfg = Debug|Any CPU
		{7FD8455F-38EB-4E48-B0F4-7A63215AB643}.Debug|Any CPU.Build.0 = Debug|Any CPU
		{7FD8455F-38EB-4E48-B0F4-7A63215AB643}.Release|Any CPU.ActiveCfg = Release|Any CPU
		{7FD8455F-38EB-4E48-B0F4-7A63215AB643}.Release|Any CPU.Build.0 = Release|Any CPU
		{762CCDE8-1143-40AF-A272-0C2D849DD8DA}.Debug|Any CPU.ActiveCfg = Debug|Any CPU
		{762CCDE8-1143-40AF-A272-0C2D849DD8DA}.Debug|Any CPU.Build.0 = Debug|Any CPU
		{762CCDE8-1143-40AF-A272-0C2D849DD8DA}.Release|Any CPU.ActiveCfg = Release|Any CPU
		{762CCDE8-1143-40AF-A272-0C2D849DD8DA}.Release|Any CPU.Build.0 = Release|Any CPU
		{8DEB3FE2-5C3A-425D-8430-EEACBCD3C3CE}.Debug|Any CPU.ActiveCfg = Debug|Any CPU
		{8DEB3FE2-5C3A-425D-8430-EEACBCD3C3CE}.Debug|Any CPU.Build.0 = Debug|Any CPU
		{8DEB3FE2-5C3A-425D-8430-EEACBCD3C3CE}.Release|Any CPU.ActiveCfg = Release|Any CPU
		{8DEB3FE2-5C3A-425D-8430-EEACBCD3C3CE}.Release|Any CPU.Build.0 = Release|Any CPU
	EndGlobalSection
	GlobalSection(SolutionProperties) = preSolution
		HideSolutionNode = FALSE
	EndGlobalSection
	GlobalSection(ExtensibilityGlobals) = postSolution
		SolutionGuid = {C488BDD4-E039-4F90-94DC-4985EF5405CE}
	EndGlobalSection
EndGlobal
